[root]
name = "httpd"
version = "0.0.1"
dependencies = [
 "conduit-mime-types 0.7.2 (git+https://github.com/conduit-rust/mime-types)",
 "flate2 0.2.0 (git+https://github.com/alexcrichton/flate2-rs)",
]

[[package]]
name = "conduit-mime-types"
version = "0.7.2"
source = "git+https://github.com/conduit-rust/mime-types#af21bbd5e4e319fd772d50c4bb49cf2268638f9b"
dependencies = [
 "rustc-serialize 0.3.3 (registry+https://github.com/rust-lang/crates.io-index)",
]

[[package]]
name = "flate2"
version = "0.2.0"
source = "git+https://github.com/alexcrichton/flate2-rs#f336c6815e8d4cfffef84ca50a735dc4be8a36c0"
dependencies = [
 "libc 0.1.2 (registry+https://github.com/rust-lang/crates.io-index)",
 "miniz-sys 0.1.3 (git+https://github.com/alexcrichton/flate2-rs)",
]

[[package]]
name = "gcc"
version = "0.3.1"
source = "registry+https://github.com/rust-lang/crates.io-index"

[[package]]
name = "libc"
version = "0.1.2"
source = "registry+https://github.com/rust-lang/crates.io-index"

[[package]]
name = "miniz-sys"
version = "0.1.3"
source = "git+https://github.com/alexcrichton/flate2-rs#f336c6815e8d4cfffef84ca50a735dc4be8a36c0"
dependencies = [
 "gcc 0.3.1 (registry+https://github.com/rust-lang/crates.io-index)",
 "libc 0.1.2 (registry+https://github.com/rust-lang/crates.io-index)",
]

[[package]]
name = "rustc-serialize"
version = "0.3.3"
source = "registry+https://github.com/rust-lang/crates.io-index"

